
Microsoft Visual Studio Solution File, Format Version 12.00
# Visual Studio Version 17
VisualStudioVersion = 17.4.33110.190
MinimumVisualStudioVersion = 10.0.40219.1
Project("{FAE04EC0-301F-11D3-BF4B-00C04F79EFBC}") = "E-Commerce_Team3", "E-Commerce_Team3\E-Commerce_Team3.csproj", "{48D70B4A-B634-40D5-9AB6-1CB41BC88771}"
EndProject
Global
	GlobalSection(SolutionConfigurationPlatforms) = preSolution
		Debug|Any CPU = Debug|Any CPU
		Release|Any CPU = Release|Any CPU
	EndGlobalSection
	GlobalSection(ProjectConfigurationPlatforms) = postSolution
		{48D70B4A-B634-40D5-9AB6-1CB41BC88771}.Debug|Any CPU.ActiveCfg = Debug|Any CPU
		{48D70B4A-B634-40D5-9AB6-1CB41BC88771}.Debug|Any CPU.Build.0 = Debug|Any CPU
		{48D70B4A-B634-40D5-9AB6-1CB41BC88771}.Release|Any CPU.ActiveCfg = Release|Any CPU
		{48D70B4A-B634-40D5-9AB6-1CB41BC88771}.Release|Any CPU.Build.0 = Release|Any CPU
	EndGlobalSection
	GlobalSection(SolutionProperties) = preSolution
		HideSolutionNode = FALSE
	EndGlobalSection
	GlobalSection(ExtensibilityGlobals) = postSolution
		SolutionGuid = {80281510-3672-4305-9A54-3D041A1E572B}
	EndGlobalSection
EndGlobal
